{
  "name": "landing",
  "lockfileVersion": 3,
  "requires": true,
  "packages": {
    "": {
      "name": "landing",
      "dependencies": {
        "hono": "^4.12.12"
      },
      "devDependencies": {
        "wrangler": "^4.81.0"
      }
    },
    "../../node_modules/.pnpm/wrangler@4.81.0/node_modules/wrangler": {
      "version": "4.81.0",
      "dev": true,
      "license": "MIT OR Apache-2.0",
      "dependencies": {
        "@cloudflare/kv-asset-handler": "0.4.2",
        "@cloudflare/unenv-preset": "2.16.0",
        "blake3-wasm": "2.1.5",
        "esbuild": "0.27.3",
        "miniflare": "4.20260405.0",
        "path-to-regexp": "6.3.0",
        "unenv": "2.0.0-rc.24",
        "workerd": "1.20260405.1"
      },
      "bin": {
        "wrangler": "bin/wrangler.js",
        "wrangler2": "bin/wrangler.js"
      },
      "devDependencies": {
        "@aws-sdk/client-s3": "^3.721.0",
        "@bomb.sh/tab": "^0.0.12",
        "@cloudflare/cli": "1.4.0",
        "@cloudflare/codemod": "1.1.0",
        "@cloudflare/containers-shared": "0.13.1",
        "@cloudflare/pages-shared": "^0.13.122",
        "@cloudflare/types": "6.18.4",
        "@cloudflare/workers-shared": "0.19.1",
        "@cloudflare/workers-tsconfig": "0.0.0",
        "@cloudflare/workers-types": "^4.20260405.1",
        "@cloudflare/workers-utils": "0.15.0",
        "@cloudflare/workflows-shared": "0.8.0",
        "@cspotcode/source-map-support": "0.8.1",
        "@netlify/build-info": "^10.2.0",
        "@sentry/node": "^7.86.0",
        "@sentry/types": "^7.86.0",
        "@sentry/utils": "^7.86.0",
        "@types/command-exists": "^1.2.0",
        "@types/esprima": "^4.0.3",
        "@types/glob-to-regexp": "^0.4.1",
        "@types/javascript-time-ago": "^2.0.3",
        "@types/json-diff": "^1.0.3",
        "@types/mime": "^3.0.4",
        "@types/minimatch": "^5.1.2",
        "@types/node": "^22.10.1",
        "@types/node-forge": "^1.3.11",
        "@types/prompts": "^2.0.14",
        "@types/resolve": "^1.20.6",
        "@types/shell-quote": "^1.7.2",
        "@types/signal-exit": "^3.0.1",
        "@types/supports-color": "^8.1.1",
        "@types/ws": "^8.5.7",
        "@types/yargs": "^17.0.22",
        "@vitest/ui": "4.1.0",
        "@webcontainer/env": "^1.1.0",
        "am-i-vibing": "^0.1.0",
        "capnweb": "^0.5.0",
        "chalk": "^5.2.0",
        "chokidar": "^4.0.1",
        "ci-info": "^4.4.0",
        "cli-table3": "^0.6.3",
        "cloudflare": "^5.2.0",
        "cmd-shim": "^4.1.0",
        "command-exists": "^1.2.9",
        "concurrently": "^8.2.2",
        "date-fns": "^4.1.0",
        "devtools-protocol": "^0.0.1182435",
        "dotenv": "^16.3.1",
        "dotenv-expand": "^12.0.2",
        "empathic": "^2.0.0",
        "esprima": "4.0.1",
        "execa": "^6.1.0",
        "get-port": "^7.0.0",
        "glob-to-regexp": "^0.4.1",
        "https-proxy-agent": "7.0.2",
        "itty-time": "^1.0.6",
        "javascript-time-ago": "^2.5.4",
        "json-diff": "^1.0.6",
        "jsonc-parser": "^3.2.0",
        "md5-file": "5.0.0",
        "mime": "^3.0.0",
        "minimatch": "^5.1.0",
        "mock-socket": "^9.3.1",
        "msw": "2.12.4",
        "node-forge": "^1.3.2",
        "open": "^8.4.0",
        "p-queue": "^9.0.0",
        "patch-console": "^1.0.0",
        "pretty-bytes": "^6.0.0",
        "prompts": "^2.4.2",
        "recast": "0.23.11",
        "resolve": "^1.22.8",
        "semiver": "^1.1.0",
        "shell-quote": "^1.8.1",
        "signal-exit": "^3.0.7",
        "smol-toml": "^1.5.2",
        "source-map": "^0.6.1",
        "supports-color": "^9.2.2",
        "timeago.js": "^4.0.2",
        "tree-kill": "^1.2.2",
        "ts-dedent": "^2.2.0",
        "ts-json-schema-generator": "^1.5.0",
        "tsup": "8.3.0",
        "typescript": "~5.8.3",
        "undici": "7.24.4",
        "update-check": "^1.5.4",
        "vitest": "4.1.0",
        "vitest-websocket-mock": "^0.4.0",
        "ws": "8.18.0",
        "xxhash-wasm": "^1.0.1",
        "yaml": "^2.8.1",
        "yargs": "^17.7.2"
      },
      "engines": {
        "node": ">=20.3.0"
      },
      "optionalDependencies": {
        "fsevents": "~2.3.2"
      },
      "peerDependencies": {
        "@cloudflare/workers-types": "^4.20260405.1"
      },
      "peerDependenciesMeta": {
        "@cloudflare/workers-types": {
          "optional": true
        }
      }
    },
    "node_modules/hono": {
      "version": "4.12.12",
      "resolved": "https://registry.npmjs.org/hono/-/hono-4.12.12.tgz",
      "integrity": "sha512-p1JfQMKaceuCbpJKAPKVqyqviZdS0eUxH9v82oWo1kb9xjQ5wA6iP3FNVAPDFlz5/p7d45lO+BpSk1tuSZMF4Q==",
      "license": "MIT",
      "engines": {
        "node": ">=16.9.0"
      }
    },
    "node_modules/wrangler": {
      "resolved": "../../node_modules/.pnpm/wrangler@4.81.0/node_modules/wrangler",
      "link": true
    }
  }
}
